
Microsoft Visual Studio Solution File, Format Version 12.00
# Visual Studio 15
VisualStudioVersion = 15.0.27428.2002
MinimumVisualStudioVersion = 10.0.40219.1
Project("{FAE04EC0-301F-11D3-BF4B-00C04F79EFBC}") = "SimplePalyer", "SimplePalyer\SimplePalyer.csproj", "{E13CE705-73C3-42C0-A09F-28DCB123AFCB}"
EndProject
Global
	GlobalSection(SolutionConfigurationPlatforms) = preSolution
		Debug|ARM = Debug|ARM
		Debug|x64 = Debug|x64
		Debug|x86 = Debug|x86
		Release|ARM = Release|ARM
		Release|x64 = Release|x64
		Release|x86 = Release|x86
	EndGlobalSection
	GlobalSection(ProjectConfigurationPlatforms) = postSolution
		{E13CE705-73C3-42C0-A09F-28DCB123AFCB}.Debug|ARM.ActiveCfg = Debug|ARM
		{E13CE705-73C3-42C0-A09F-28DCB123AFCB}.Debug|ARM.Build.0 = Debug|ARM
		{E13CE705-73C3-42C0-A09F-28DCB123AFCB}.Debug|ARM.Deploy.0 = Debug|ARM
		{E13CE705-73C3-42C0-A09F-28DCB123AFCB}.Debug|x64.ActiveCfg = Debug|x64
		{E13CE705-73C3-42C0-A09F-28DCB123AFCB}.Debug|x64.Build.0 = Debug|x64
		{E13CE705-73C3-42C0-A09F-28DCB123AFCB}.Debug|x64.Deploy.0 = Debug|x64
		{E13CE705-73C3-42C0-A09F-28DCB123AFCB}.Debug|x86.ActiveCfg = Debug|x86
		{E13CE705-73C3-42C0-A09F-28DCB123AFCB}.Debug|x86.Build.0 = Debug|x86
		{E13CE705-73C3-42C0-A09F-28DCB123AFCB}.Debug|x86.Deploy.0 = Debug|x86
		{E13CE705-73C3-42C0-A09F-28DCB123AFCB}.Release|ARM.ActiveCfg = Release|ARM
		{E13CE705-73C3-42C0-A09F-28DCB123AFCB}.Release|ARM.Build.0 = Release|ARM
		{E13CE705-73C3-42C0-A09F-28DCB123AFCB}.Release|ARM.Deploy.0 = Release|ARM
		{E13CE705-73C3-42C0-A09F-28DCB123AFCB}.Release|x64.ActiveCfg = Release|x64
		{E13CE705-73C3-42C0-A09F-28DCB123AFCB}.Release|x64.Build.0 = Release|x64
		{E13CE705-73C3-42C0-A09F-28DCB123AFCB}.Release|x64.Deploy.0 = Release|x64
		{E13CE705-73C3-42C0-A09F-28DCB123AFCB}.Release|x86.ActiveCfg = Release|x86
		{E13CE705-73C3-42C0-A09F-28DCB123AFCB}.Release|x86.Build.0 = Release|x86
		{E13CE705-73C3-42C0-A09F-28DCB123AFCB}.Release|x86.Deploy.0 = Release|x86
	EndGlobalSection
	GlobalSection(SolutionProperties) = preSolution
		HideSolutionNode = FALSE
	EndGlobalSection
	GlobalSection(ExtensibilityGlobals) = postSolution
		SolutionGuid = {6399822B-951A-48E3-8E73-A68FB19DD612}
	EndGlobalSection
EndGlobal
